# @generated - this file is auto-generated by `mise lock` https://mise.en.dev/dev-tools/mise-lock.html

[[tools."github:facebook/pyrefly"]]
version = "1.0.0"
backend = "github:facebook/pyrefly"

[tools."github:facebook/pyrefly"."platforms.linux-arm64"]
checksum = "sha256:0f4a075b510c56089f672c7283528398656fd0a54110d6836919ce34dbf15c0b"
url = "https://github.com/facebook/pyrefly/releases/download/1.0.0/pyrefly-linux-arm64.tar.gz"
url_api = "https://api.github.com/repos/facebook/pyrefly/releases/assets/418674426"
github_attestations = "unavailable"

[tools."github:facebook/pyrefly"."platforms.linux-arm64-musl"]
checksum = "sha256:0f4a075b510c56089f672c7283528398656fd0a54110d6836919ce34dbf15c0b"
url = "https://github.com/facebook/pyrefly/releases/download/1.0.0/pyrefly-linux-arm64.tar.gz"
url_api = "https://api.github.com/repos/facebook/pyrefly/releases/assets/418674426"
github_attestations = "unavailable"

[tools."github:facebook/pyrefly"."platforms.linux-x64"]
checksum = "sha256:8b35318ba7377a621ff9d9ef77a443b6ad3cf065be566c84f5ae9c8318df5459"
url = "https://github.com/facebook/pyrefly/releases/download/1.0.0/pyrefly-linux-x86_64.tar.gz"
url_api = "https://api.github.com/repos/facebook/pyrefly/releases/assets/418674222"
github_attestations = "unavailable"

[tools."github:facebook/pyrefly"."platforms.linux-x64-musl"]
checksum = "sha256:8b35318ba7377a621ff9d9ef77a443b6ad3cf065be566c84f5ae9c8318df5459"
url = "https://github.com/facebook/pyrefly/releases/download/1.0.0/pyrefly-linux-x86_64.tar.gz"
url_api = "https://api.github.com/repos/facebook/pyrefly/releases/assets/418674222"
github_attestations = "unavailable"

[tools."github:facebook/pyrefly"."platforms.macos-arm64"]
checksum = "sha256:f3c2277245677b0128099f4971ae11c9c4a4d9a39aad70444c2f79a9d64b6893"
url = "https://github.com/facebook/pyrefly/releases/download/1.0.0/pyrefly-macos-arm64.tar.gz"
url_api = "https://api.github.com/repos/facebook/pyrefly/releases/assets/418674242"
github_attestations = "unavailable"

[tools."github:facebook/pyrefly"."platforms.macos-x64"]
checksum = "sha256:a152c7a775aa3088e7af5257330ba37d7d85337a0e85823b4dc2db556b7c39cf"
url = "https://github.com/facebook/pyrefly/releases/download/1.0.0/pyrefly-macos-x86_64.tar.gz"
url_api = "https://api.github.com/repos/facebook/pyrefly/releases/assets/418681250"
github_attestations = "unavailable"

[tools."github:facebook/pyrefly"."platforms.windows-x64"]
checksum = "sha256:511d57a1e4a03bfd1e7b30be34715c0ee23f675a56c93e3c089ee73c9b4d8f17"
url = "https://github.com/facebook/pyrefly/releases/download/1.0.0/pyrefly-windows-x86_64.zip"
url_api = "https://api.github.com/repos/facebook/pyrefly/releases/assets/418679910"
github_attestations = "unavailable"

[[tools.prek]]
version = "0.3.12"
backend = "aqua:j178/prek"

[tools.prek."platforms.linux-arm64"]
checksum = "sha256:2d7bc8ce9bb8521a2b9f67ad23d556fbf208a8cf5d141f09c3dbae919df756aa"
url = "https://github.com/j178/prek/releases/download/v0.3.12/prek-aarch64-unknown-linux-musl.tar.gz"
provenance = "github-attestations"

[tools.prek."platforms.linux-arm64-musl"]
checksum = "sha256:2d7bc8ce9bb8521a2b9f67ad23d556fbf208a8cf5d141f09c3dbae919df756aa"
url = "https://github.com/j178/prek/releases/download/v0.3.12/prek-aarch64-unknown-linux-musl.tar.gz"
provenance = "github-attestations"

[tools.prek."platforms.linux-x64"]
checksum = "sha256:6e4874a2d83451df4946e81f161dc8c6bdc675064cca1f2e1e8b0921dc862ae8"
url = "https://github.com/j178/prek/releases/download/v0.3.12/prek-x86_64-unknown-linux-musl.tar.gz"
provenance = "github-attestations"

[tools.prek."platforms.linux-x64-musl"]
checksum = "sha256:6e4874a2d83451df4946e81f161dc8c6bdc675064cca1f2e1e8b0921dc862ae8"
url = "https://github.com/j178/prek/releases/download/v0.3.12/prek-x86_64-unknown-linux-musl.tar.gz"
provenance = "github-attestations"

[tools.prek."platforms.macos-arm64"]
checksum = "sha256:8e31a0e21c2d70e0583500f728e2c1aaba45c397a2ef2c4ea43afb7cd64f5d04"
url = "https://github.com/j178/prek/releases/download/v0.3.12/prek-aarch64-apple-darwin.tar.gz"
provenance = "github-attestations"

[tools.prek."platforms.macos-x64"]
checksum = "sha256:ed4aa96e2c71a29d30d5e8e8b173155cda9f6aea9822e4773ccff70da5a8287a"
url = "https://github.com/j178/prek/releases/download/v0.3.12/prek-x86_64-apple-darwin.tar.gz"
provenance = "github-attestations"

[tools.prek."platforms.windows-x64"]
checksum = "sha256:b75cdae3279806c7a046b18c45c601fe3ec1a380f11911bc39c5273100e18fce"
url = "https://github.com/j178/prek/releases/download/v0.3.12/prek-x86_64-pc-windows-msvc.zip"
provenance = "github-attestations"

[[tools.ruff]]
version = "0.15.12"
backend = "aqua:astral-sh/ruff"

[tools.ruff."platforms.linux-arm64"]
checksum = "sha256:8996fe01814d00480c81da2b8ce9e8274f63eb07992318f082f7071772699635"
url = "https://github.com/astral-sh/ruff/releases/download/0.15.12/ruff-aarch64-unknown-linux-musl.tar.gz"
provenance = "github-attestations"

[tools.ruff."platforms.linux-arm64-musl"]
checksum = "sha256:8996fe01814d00480c81da2b8ce9e8274f63eb07992318f082f7071772699635"
url = "https://github.com/astral-sh/ruff/releases/download/0.15.12/ruff-aarch64-unknown-linux-musl.tar.gz"
provenance = "github-attestations"

[tools.ruff."platforms.linux-x64"]
checksum = "sha256:e0b074f722f87efe2e09de3a77820a012d1417ebabbd308cccdf6b98ba8d4bb3"
url = "https://github.com/astral-sh/ruff/releases/download/0.15.12/ruff-x86_64-unknown-linux-musl.tar.gz"
provenance = "github-attestations"

[tools.ruff."platforms.linux-x64-musl"]
checksum = "sha256:e0b074f722f87efe2e09de3a77820a012d1417ebabbd308cccdf6b98ba8d4bb3"
url = "https://github.com/astral-sh/ruff/releases/download/0.15.12/ruff-x86_64-unknown-linux-musl.tar.gz"
provenance = "github-attestations"

[tools.ruff."platforms.macos-arm64"]
checksum = "sha256:bd59107e125f9c9f64a75be13b6ff21bf7cbc61c4b9529bbb75c8184e3dd6c3c"
url = "https://github.com/astral-sh/ruff/releases/download/0.15.12/ruff-aarch64-apple-darwin.tar.gz"
provenance = "github-attestations"

[tools.ruff."platforms.macos-x64"]
checksum = "sha256:f88b6ad8338ad7acf83497e4bc2f2b5d3cac46c3e71363b7263c1bb9027c9b37"
url = "https://github.com/astral-sh/ruff/releases/download/0.15.12/ruff-x86_64-apple-darwin.tar.gz"
provenance = "github-attestations"

[tools.ruff."platforms.windows-x64"]
checksum = "sha256:d378033392042377491ef2541457af47cc4652c4e984639c95413b0c4876b0f1"
url = "https://github.com/astral-sh/ruff/releases/download/0.15.12/ruff-x86_64-pc-windows-msvc.zip"
provenance = "github-attestations"

[[tools.uv]]
version = "0.11.8"
backend = "aqua:astral-sh/uv"

[tools.uv."platforms.linux-arm64"]
checksum = "sha256:29418befb64f926a2dba3473e8e69acd00b36fb845d85344ef11321a993ad8f5"
url = "https://github.com/astral-sh/uv/releases/download/0.11.8/uv-aarch64-unknown-linux-musl.tar.gz"
provenance = "github-attestations"

[tools.uv."platforms.linux-arm64-musl"]
checksum = "sha256:29418befb64f926a2dba3473e8e69acd00b36fb845d85344ef11321a993ad8f5"
url = "https://github.com/astral-sh/uv/releases/download/0.11.8/uv-aarch64-unknown-linux-musl.tar.gz"
provenance = "github-attestations"

[tools.uv."platforms.linux-x64"]
checksum = "sha256:de82507d12e31cfc86c1c776238f7c248e48e40d996dedc812d64fdd31c6ed12"
url = "https://github.com/astral-sh/uv/releases/download/0.11.8/uv-x86_64-unknown-linux-musl.tar.gz"
provenance = "github-attestations"

[tools.uv."platforms.linux-x64-musl"]
checksum = "sha256:de82507d12e31cfc86c1c776238f7c248e48e40d996dedc812d64fdd31c6ed12"
url = "https://github.com/astral-sh/uv/releases/download/0.11.8/uv-x86_64-unknown-linux-musl.tar.gz"
provenance = "github-attestations"

[tools.uv."platforms.macos-arm64"]
checksum = "sha256:c729adb365114e844dd7f9316313a7ed6443b89bb5681d409eebac78b0bd06c8"
url = "https://github.com/astral-sh/uv/releases/download/0.11.8/uv-aarch64-apple-darwin.tar.gz"
provenance = "github-attestations"

[tools.uv."platforms.macos-x64"]
checksum = "sha256:c59d73bf34b58bc8e33a11629f7a255c11789fd00f03cd3e68ab2d1603645de9"
url = "https://github.com/astral-sh/uv/releases/download/0.11.8/uv-x86_64-apple-darwin.tar.gz"
provenance = "github-attestations"

[tools.uv."platforms.windows-x64"]
checksum = "sha256:c84629a56e0706b69a47ea35862208af827cb6fbfa1d0ca763c52c67594637e8"
url = "https://github.com/astral-sh/uv/releases/download/0.11.8/uv-x86_64-pc-windows-msvc.zip"
provenance = "github-attestations"
